
Microsoft Visual Studio Solution File, Format Version 12.00
# Visual Studio Version 17
VisualStudioVersion = 17.6.33712.159
MinimumVisualStudioVersion = 10.0.40219.1
Project("{FAE04EC0-301F-11D3-BF4B-00C04F79EFBC}") = "OkulYonetimUygulamasi_TP115_Temel", "OkulYonetimUygulamasi_TP115_Temel\OkulYonetimUygulamasi_TP115_Temel.csproj", "{E12AA0EB-AD09-4606-8119-A136F80BC812}"
EndProject
Global
	GlobalSection(SolutionConfigurationPlatforms) = preSolution
		Debug|Any CPU = Debug|Any CPU
		Release|Any CPU = Release|Any CPU
	EndGlobalSection
	GlobalSection(ProjectConfigurationPlatforms) = postSolution
		{E12AA0EB-AD09-4606-8119-A136F80BC812}.Debug|Any CPU.ActiveCfg = Debug|Any CPU
		{E12AA0EB-AD09-4606-8119-A136F80BC812}.Debug|Any CPU.Build.0 = Debug|Any CPU
		{E12AA0EB-AD09-4606-8119-A136F80BC812}.Release|Any CPU.ActiveCfg = Release|Any CPU
		{E12AA0EB-AD09-4606-8119-A136F80BC812}.Release|Any CPU.Build.0 = Release|Any CPU
	EndGlobalSection
	GlobalSection(SolutionProperties) = preSolution
		HideSolutionNode = FALSE
	EndGlobalSection
	GlobalSection(ExtensibilityGlobals) = postSolution
		SolutionGuid = {55B61938-C35F-4240-86B2-D4371FC0C867}
	EndGlobalSection
EndGlobal
